
Microsoft Visual Studio Solution File, Format Version 12.00
# Visual Studio Version 17
VisualStudioVersion = 17.5.33627.172
MinimumVisualStudioVersion = 10.0.40219.1
Project("{FAE04EC0-301F-11D3-BF4B-00C04F79EFBC}") = "ShopZilla.Pedidos.Api", "ShopZilla.Pedidos.Api\ShopZilla.Pedidos.Api.csproj", "{1B5E4E5E-B49A-4A2D-AD59-1B3989032C86}"
EndProject
Global
	GlobalSection(SolutionConfigurationPlatforms) = preSolution
		Debug|Any CPU = Debug|Any CPU
		Release|Any CPU = Release|Any CPU
	EndGlobalSection
	GlobalSection(ProjectConfigurationPlatforms) = postSolution
		{1B5E4E5E-B49A-4A2D-AD59-1B3989032C86}.Debug|Any CPU.ActiveCfg = Debug|Any CPU
		{1B5E4E5E-B49A-4A2D-AD59-1B3989032C86}.Debug|Any CPU.Build.0 = Debug|Any CPU
		{1B5E4E5E-B49A-4A2D-AD59-1B3989032C86}.Release|Any CPU.ActiveCfg = Release|Any CPU
		{1B5E4E5E-B49A-4A2D-AD59-1B3989032C86}.Release|Any CPU.Build.0 = Release|Any CPU
	EndGlobalSection
	GlobalSection(SolutionProperties) = preSolution
		HideSolutionNode = FALSE
	EndGlobalSection
	GlobalSection(ExtensibilityGlobals) = postSolution
		SolutionGuid = {34A6F64D-23C2-49D6-B31C-B625FFC01057}
	EndGlobalSection
EndGlobal
